PODS:
  - Alamofire (5.6.4)
  - AppAuth (1.6.1):
    - AppAuth/Core (= 1.6.1)
    - AppAuth/ExternalUserAgent (= 1.6.1)
  - AppAuth/Core (1.6.1)
  - AppAuth/ExternalUserAgent (1.6.1):
    - AppAuth/Core
  - Cosmos (23.0.0)
  - Differentiator (4.0.1)
  - DropDown (2.3.13)
  - GoogleSignIn (7.0.0):
    - AppAuth (~> 1.5)
    - GTMAppAuth (< 3.0, >= 1.3)
    - GTMSessionFetcher/Core (< 4.0, >= 1.1)
  - GTMAppAuth (2.0.0):
    - AppAuth/Core (~> 1.6)
    - GTMSessionFetcher/Core (< 4.0, >= 1.5)
  - GTMSessionFetcher/Core (3.1.0)
  - KakaoSDKAuth (2.8.1):
    - KakaoSDKCommon (= 2.8.1)
  - KakaoSDKCommon (2.8.1):
    - KakaoSDKCommon/Common (= 2.8.1)
    - KakaoSDKCommon/Network (= 2.8.1)
  - KakaoSDKCommon/Common (2.8.1)
  - KakaoSDKCommon/Network (2.8.1):
    - Alamofire (~> 5.1)
    - KakaoSDKCommon/Common (= 2.8.1)
  - Kingfisher (7.6.2)
  - NMapsGeometry (1.0.1)
  - NMapsMap (3.16.2):
    - NMapsGeometry
  - ReactorKit (2.1.1):
    - RxSwift (~> 5.0)
    - WeakMapTable (~> 1.1)
  - RxAlamofire (5.7.1):
    - RxAlamofire/Core (= 5.7.1)
  - RxAlamofire/Core (5.7.1):
    - Alamofire (~> 5.4)
    - RxSwift (~> 5.1)
  - RxAppState (1.6.0):
    - RxCocoa (~> 5.0)
    - RxSwift (~> 5.0)
  - RxCocoa (5.1.3):
    - RxRelay (~> 5)
    - RxSwift (~> 5)
  - RxCodable (1.0.0):
    - RxCodable/Core (= 1.0.0)
  - RxCodable/Core (1.0.0):
    - RxSwift (~> 5.0)
  - RxDataSources (4.0.1):
    - Differentiator (~> 4.0)
    - RxCocoa (~> 5.0)
    - RxSwift (~> 5.0)
  - RxKakaoSDKAuth (2.8.1):
    - KakaoSDKAuth (= 2.8.1)
    - RxKakaoSDKCommon (= 2.8.1)
  - RxKakaoSDKCommon (2.8.1):
    - RxKakaoSDKCommon/Common (= 2.8.1)
    - RxKakaoSDKCommon/Network (= 2.8.1)
  - RxKakaoSDKCommon/Common (2.8.1):
    - KakaoSDKCommon/Common (= 2.8.1)
    - RxCocoa
    - RxSwift
  - RxKakaoSDKCommon/Network (2.8.1):
    - KakaoSDKCommon/Network (= 2.8.1)
    - RxAlamofire (~> 5.2)
    - RxKakaoSDKCommon/Common (= 2.8.1)
  - RxRelay (5.1.3):
    - RxSwift (~> 5)
  - RxSwift (5.1.3)
  - SnapKit (5.6.0)
  - TagListView (1.4.1)
  - Then (3.0.0)
  - WeakMapTable (1.2.0)

DEPENDENCIES:
  - Alamofire
  - Cosmos
  - DropDown
  - GoogleSignIn
  - Kingfisher
  - NMapsMap
  - ReactorKit
  - RxAlamofire
  - RxAppState
  - RxCocoa
  - RxCodable
  - RxDataSources
  - RxKakaoSDKAuth
  - RxKakaoSDKCommon
  - RxSwift
  - SnapKit
  - TagListView
  - Then

SPEC REPOS:
  trunk:
    - Alamofire
    - AppAuth
    - Cosmos
    - Differentiator
    - DropDown
    - GoogleSignIn
    - GTMAppAuth
    - GTMSessionFetcher
    - KakaoSDKAuth
    - KakaoSDKCommon
    - Kingfisher
    - NMapsGeometry
    - NMapsMap
    - ReactorKit
    - RxAlamofire
    - RxAppState
    - RxCocoa
    - RxCodable
    - RxDataSources
    - RxKakaoSDKAuth
    - RxKakaoSDKCommon
    - RxRelay
    - RxSwift
    - SnapKit
    - TagListView
    - Then
    - WeakMapTable

SPEC CHECKSUMS:
  Alamofire: 4e95d97098eacb88856099c4fc79b526a299e48c
  AppAuth: e48b432bb4ba88b10cb2bcc50d7f3af21e78b9c2
  Cosmos: b5c6a9a637e28a061b54c8f8b1d8529d7d4db73f
  Differentiator: 886080237d9f87f322641dedbc5be257061b0602
  DropDown: 8a2116376c1981888557f72ec2ffc9a5e0e456ec
  GoogleSignIn: b232380cf495a429b8095d3178a8d5855b42e842
  GTMAppAuth: 99fb010047ba3973b7026e45393f51f27ab965ae
  GTMSessionFetcher: c9e714f7eec91a55641e2bab9f45fd83a219b882
  KakaoSDKAuth: 3cf74660531ac85cd2c7931df8d90d562b0a8fe2
  KakaoSDKCommon: 701ef2a9b92215a4bf131b2a6139c3586b5e8d99
  Kingfisher: 6c5449c6450c5239166510ba04afe374a98afc4f
  NMapsGeometry: 53c573ead66466681cf123f99f698dc8071a4b83
  NMapsMap: aaa64717249b06ae82c3a3addb3a01f0e33100ab
  ReactorKit: 6d894a20c3d508344320901cd8e386fde92df4b6
  RxAlamofire: 8e144c62dcc01d68dcb366bfc542eb6dd46bab78
  RxAppState: b633d7370970ecb80081912ea08a7bf3eb644b4e
  RxCocoa: e2ed092d5432e4296aa818021d27de4090ac0354
  RxCodable: 468b37793b66d804a5b1be16e817d7aab408b52b
  RxDataSources: efee07fa4de48477eca0a4611e6d11e2da9c1114
  RxKakaoSDKAuth: dad91020fa60619b432cde5752055a12acb6ce68
  RxKakaoSDKCommon: 872604c9ab07c1bc6cc517b6732e0774052f2f5d
  RxRelay: 5a18c2eb2d68326ebaf0112f80d837ae41b92b97
  RxSwift: 915abbdfb62214aa89ccd0b194d44fb478019b27
  SnapKit: e01d52ebb8ddbc333eefe2132acf85c8227d9c25
  TagListView: a1c236d17960a0cf64156725a76ce6d73ebce2be
  Then: 844265ae87834bbe1147d91d5d41a404da2ec27d
  WeakMapTable: 05c694ce8439a7a9ebabb56187287a63c57673d6

PODFILE CHECKSUM: 525f9c14440bcd311a09f51aa55778aad5684141

COCOAPODS: 1.12.1
