// !$*UTF8*$!
{
	archiveVersion = 1;
	classes = {
	};
	objectVersion = 56;
	objects = {

/* Begin PBXBuildFile section */
		26AE35B0E34B669DD8DA8949 /* Pods_AlbaReview.framework in Frameworks */ = {isa = PBXBuildFile; fileRef = 2E857360128C3A559132E245 /* Pods_AlbaReview.framework */; };
		C485C034B519811DB9659242 /* Pods_AlbaReview_AlbaReviewUITests.framework in Frameworks */ = {isa = PBXBuildFile; fileRef = E3CB9BEEE0572799C8133153 /* Pods_AlbaReview_AlbaReviewUITests.framework */; };
		CA0DB39829DBEBD20091DCB2 /* WriteReviewViewController.swift in Sources */ = {isa = PBXBuildFile; fileRef = CA0DB39729DBEBD20091DCB2 /* WriteReviewViewController.swift */; };
		CA0DB39A29DBF9C00091DCB2 /* WriteReviewViewModel.swift in Sources */ = {isa = PBXBuildFile; fileRef = CA0DB39929DBF9C00091DCB2 /* WriteReviewViewModel.swift */; };
		CA0DB39C29DC0BC30091DCB2 /* WriteReviewRatingViewController.swift in Sources */ = {isa = PBXBuildFile; fileRef = CA0DB39B29DC0BC30091DCB2 /* WriteReviewRatingViewController.swift */; };
		CA1EC4BD29CC93F90074B5F0 /* SearchPlaceVC.swift in Sources */ = {isa = PBXBuildFile; fileRef = CA1EC4BC29CC93F90074B5F0 /* SearchPlaceVC.swift */; };
		CA54382229D9BFD20005B935 /* WritableViewController.swift in Sources */ = {isa = PBXBuildFile; fileRef = CA54382129D9BFD20005B935 /* WritableViewController.swift */; };
		CA54382529D9C0FC0005B935 /* WritableReivewModel.swift in Sources */ = {isa = PBXBuildFile; fileRef = CA54382429D9C0FC0005B935 /* WritableReivewModel.swift */; };
		CA54382729D9C11A0005B935 /* WritableReviewCell.swift in Sources */ = {isa = PBXBuildFile; fileRef = CA54382629D9C11A0005B935 /* WritableReviewCell.swift */; };
		CA54382929D9C6570005B935 /* WritableReviewSection.swift in Sources */ = {isa = PBXBuildFile; fileRef = CA54382829D9C6570005B935 /* WritableReviewSection.swift */; };
		CA54382B29D9C8410005B935 /* WritableReviewViewModel.swift in Sources */ = {isa = PBXBuildFile; fileRef = CA54382A29D9C8410005B935 /* WritableReviewViewModel.swift */; };
		CA54382D29D9CD300005B935 /* CALayer++.swift in Sources */ = {isa = PBXBuildFile; fileRef = CA54382C29D9CD300005B935 /* CALayer++.swift */; };
		CA5FE21A29D568FD00E74769 /* Storage.swift in Sources */ = {isa = PBXBuildFile; fileRef = CA5FE21929D568FD00E74769 /* Storage.swift */; };
		CA5FE21C29D5695E00E74769 /* ServiceApi.swift in Sources */ = {isa = PBXBuildFile; fileRef = CA5FE21B29D5695E00E74769 /* ServiceApi.swift */; };
		CA5FE21E29D56AD000E74769 /* SearchViewModel.swift in Sources */ = {isa = PBXBuildFile; fileRef = CA5FE21D29D56AD000E74769 /* SearchViewModel.swift */; };
		CA5FE22129D585EF00E74769 /* SearchCell.swift in Sources */ = {isa = PBXBuildFile; fileRef = CA5FE22029D585EF00E74769 /* SearchCell.swift */; };
		CA6E5CEB29CC356400B28059 /* AddAlbaExperienceVC.swift in Sources */ = {isa = PBXBuildFile; fileRef = CA6E5CEA29CC356400B28059 /* AddAlbaExperienceVC.swift */; };
		CAB1C56229C97C3900B5798E /* LoginNickNameVC.swift in Sources */ = {isa = PBXBuildFile; fileRef = CAB1C56129C97C3900B5798E /* LoginNickNameVC.swift */; };
		CAB1C56429C97CAD00B5798E /* UILabel++.swift in Sources */ = {isa = PBXBuildFile; fileRef = CAB1C56329C97CAD00B5798E /* UILabel++.swift */; };
		CAB1C56629C9800700B5798E /* UITextField++.swift in Sources */ = {isa = PBXBuildFile; fileRef = CAB1C56529C9800700B5798E /* UITextField++.swift */; };
		CAB1C56829C98A1600B5798E /* UIViewController++.swift in Sources */ = {isa = PBXBuildFile; fileRef = CAB1C56729C98A1600B5798E /* UIViewController++.swift */; };
		CABC968829CED47C004CA2CE /* AppTabBarController.swift in Sources */ = {isa = PBXBuildFile; fileRef = CABC968729CED47C004CA2CE /* AppTabBarController.swift */; };
		CABC968C29CED9FF004CA2CE /* MyPageViewController.swift in Sources */ = {isa = PBXBuildFile; fileRef = CABC968B29CED9FF004CA2CE /* MyPageViewController.swift */; };
		CABC968F29CEEA61004CA2CE /* LocationManager.swift in Sources */ = {isa = PBXBuildFile; fileRef = CABC968E29CEEA61004CA2CE /* LocationManager.swift */; };
		CAE42ABE29C99D9E0057599A /* LoginAgeSexVC.swift in Sources */ = {isa = PBXBuildFile; fileRef = CAE42ABD29C99D9E0057599A /* LoginAgeSexVC.swift */; };
		CAE42AC029C9A0210057599A /* ChoiceYearViewModel.swift in Sources */ = {isa = PBXBuildFile; fileRef = CAE42ABF29C9A0210057599A /* ChoiceYearViewModel.swift */; };
		CAE42AC429C9A0380057599A /* ChoiceYearVC.swift in Sources */ = {isa = PBXBuildFile; fileRef = CAE42AC329C9A0380057599A /* ChoiceYearVC.swift */; };
		CAE42AC629C9A0570057599A /* YearModel.swift in Sources */ = {isa = PBXBuildFile; fileRef = CAE42AC529C9A0560057599A /* YearModel.swift */; };
		CAE42AC829C9A2ED0057599A /* StartViewModel.swift in Sources */ = {isa = PBXBuildFile; fileRef = CAE42AC729C9A2ED0057599A /* StartViewModel.swift */; };
		CAE42ACA29C9B31C0057599A /* AlabaExperienceCheckVC.swift in Sources */ = {isa = PBXBuildFile; fileRef = CAE42AC929C9B31C0057599A /* AlabaExperienceCheckVC.swift */; };
		CAE42AD029C9C4670057599A /* AlabaExperienceVC.swift in Sources */ = {isa = PBXBuildFile; fileRef = CAE42ACF29C9C4670057599A /* AlabaExperienceVC.swift */; };
		CAE4A07A29CC4F7500368FE1 /* HomeViewController.swift in Sources */ = {isa = PBXBuildFile; fileRef = CAE4A07929CC4F7500368FE1 /* HomeViewController.swift */; };
		CAF3E0E129C4AE150059EA85 /* AppDelegate.swift in Sources */ = {isa = PBXBuildFile; fileRef = CAF3E0E029C4AE150059EA85 /* AppDelegate.swift */; };
		CAF3E0E329C4AE150059EA85 /* SceneDelegate.swift in Sources */ = {isa = PBXBuildFile; fileRef = CAF3E0E229C4AE150059EA85 /* SceneDelegate.swift */; };
		CAF3E0E529C4AE150059EA85 /* LoginVC.swift in Sources */ = {isa = PBXBuildFile; fileRef = CAF3E0E429C4AE150059EA85 /* LoginVC.swift */; };
		CAF3E0EA29C4AE170059EA85 /* Assets.xcassets in Resources */ = {isa = PBXBuildFile; fileRef = CAF3E0E929C4AE170059EA85 /* Assets.xcassets */; };
		CAF3E0ED29C4AE170059EA85 /* LaunchScreen.storyboard in Resources */ = {isa = PBXBuildFile; fileRef = CAF3E0EB29C4AE170059EA85 /* LaunchScreen.storyboard */; };
		CAF3E0F829C4AE170059EA85 /* AlbaReviewTests.swift in Sources */ = {isa = PBXBuildFile; fileRef = CAF3E0F729C4AE170059EA85 /* AlbaReviewTests.swift */; };
		CAF3E10229C4AE170059EA85 /* AlbaReviewUITests.swift in Sources */ = {isa = PBXBuildFile; fileRef = CAF3E10129C4AE170059EA85 /* AlbaReviewUITests.swift */; };
		CAF3E10429C4AE170059EA85 /* AlbaReviewUITestsLaunchTests.swift in Sources */ = {isa = PBXBuildFile; fileRef = CAF3E10329C4AE170059EA85 /* AlbaReviewUITestsLaunchTests.swift */; };
		F7D24363EDD49A879540B518 /* Pods_AlbaReviewTests.framework in Frameworks */ = {isa = PBXBuildFile; fileRef = 5A94B4C240CA240EAE45B381 /* Pods_AlbaReviewTests.framework */; };
/* End PBXBuildFile section */

/* Begin PBXContainerItemProxy section */
		CAF3E0F429C4AE170059EA85 /* PBXContainerItemProxy */ = {
			isa = PBXContainerItemProxy;
			containerPortal = CAF3E0D529C4AE150059EA85 /* Project object */;
			proxyType = 1;
			remoteGlobalIDString = CAF3E0DC29C4AE150059EA85;
			remoteInfo = AlbaReview;
		};
		CAF3E0FE29C4AE170059EA85 /* PBXContainerItemProxy */ = {
			isa = PBXContainerItemProxy;
			containerPortal = CAF3E0D529C4AE150059EA85 /* Project object */;
			proxyType = 1;
			remoteGlobalIDString = CAF3E0DC29C4AE150059EA85;
			remoteInfo = AlbaReview;
		};
/* End PBXContainerItemProxy section */

/* Begin PBXFileReference section */
		154858DCE0E3D86704F85DA3 /* Pods-AlbaReview.debug.xcconfig */ = {isa = PBXFileReference; includeInIndex = 1; lastKnownFileType = text.xcconfig; name = "Pods-AlbaReview.debug.xcconfig"; path = "Target Support Files/Pods-AlbaReview/Pods-AlbaReview.debug.xcconfig"; sourceTree = "<group>"; };
		24D03D9CD0ACC6D137EDB38C /* Pods-AlbaReview.release.xcconfig */ = {isa = PBXFileReference; includeInIndex = 1; lastKnownFileType = text.xcconfig; name = "Pods-AlbaReview.release.xcconfig"; path = "Target Support Files/Pods-AlbaReview/Pods-AlbaReview.release.xcconfig"; sourceTree = "<group>"; };
		2E857360128C3A559132E245 /* Pods_AlbaReview.framework */ = {isa = PBXFileReference; explicitFileType = wrapper.framework; includeInIndex = 0; path = Pods_AlbaReview.framework; sourceTree = BUILT_PRODUCTS_DIR; };
		41123321EBA63F4DFF0C7AC4 /* Pods-AlbaReview-AlbaReviewUITests.debug.xcconfig */ = {isa = PBXFileReference; includeInIndex = 1; lastKnownFileType = text.xcconfig; name = "Pods-AlbaReview-AlbaReviewUITests.debug.xcconfig"; path = "Target Support Files/Pods-AlbaReview-AlbaReviewUITests/Pods-AlbaReview-AlbaReviewUITests.debug.xcconfig"; sourceTree = "<group>"; };
		5A94B4C240CA240EAE45B381 /* Pods_AlbaReviewTests.framework */ = {isa = PBXFileReference; explicitFileType = wrapper.framework; includeInIndex = 0; path = Pods_AlbaReviewTests.framework; sourceTree = BUILT_PRODUCTS_DIR; };
		698BB1FE087CA9E4ECEEC48B /* Pods-AlbaReviewTests.release.xcconfig */ = {isa = PBXFileReference; includeInIndex = 1; lastKnownFileType = text.xcconfig; name = "Pods-AlbaReviewTests.release.xcconfig"; path = "Target Support Files/Pods-AlbaReviewTests/Pods-AlbaReviewTests.release.xcconfig"; sourceTree = "<group>"; };
		C0EC03EC8EB5A5AADAF939F4 /* Pods-AlbaReviewTests.debug.xcconfig */ = {isa = PBXFileReference; includeInIndex = 1; lastKnownFileType = text.xcconfig; name = "Pods-AlbaReviewTests.debug.xcconfig"; path = "Target Support Files/Pods-AlbaReviewTests/Pods-AlbaReviewTests.debug.xcconfig"; sourceTree = "<group>"; };
		C3370DBE83EDD0ACD1583881 /* Pods-AlbaReview-AlbaReviewUITests.release.xcconfig */ = {isa = PBXFileReference; includeInIndex = 1; lastKnownFileType = text.xcconfig; name = "Pods-AlbaReview-AlbaReviewUITests.release.xcconfig"; path = "Target Support Files/Pods-AlbaReview-AlbaReviewUITests/Pods-AlbaReview-AlbaReviewUITests.release.xcconfig"; sourceTree = "<group>"; };
		CA0DB39729DBEBD20091DCB2 /* WriteReviewViewController.swift */ = {isa = PBXFileReference; lastKnownFileType = sourcecode.swift; path = WriteReviewViewController.swift; sourceTree = "<group>"; };
		CA0DB39929DBF9C00091DCB2 /* WriteReviewViewModel.swift */ = {isa = PBXFileReference; lastKnownFileType = sourcecode.swift; path = WriteReviewViewModel.swift; sourceTree = "<group>"; };
		CA0DB39B29DC0BC30091DCB2 /* WriteReviewRatingViewController.swift */ = {isa = PBXFileReference; lastKnownFileType = sourcecode.swift; path = WriteReviewRatingViewController.swift; sourceTree = "<group>"; };
		CA1EC4BC29CC93F90074B5F0 /* SearchPlaceVC.swift */ = {isa = PBXFileReference; lastKnownFileType = sourcecode.swift; path = SearchPlaceVC.swift; sourceTree = "<group>"; };
		CA54382129D9BFD20005B935 /* WritableViewController.swift */ = {isa = PBXFileReference; lastKnownFileType = sourcecode.swift; path = WritableViewController.swift; sourceTree = "<group>"; };
		CA54382429D9C0FC0005B935 /* WritableReivewModel.swift */ = {isa = PBXFileReference; lastKnownFileType = sourcecode.swift; path = WritableReivewModel.swift; sourceTree = "<group>"; };
		CA54382629D9C11A0005B935 /* WritableReviewCell.swift */ = {isa = PBXFileReference; lastKnownFileType = sourcecode.swift; path = WritableReviewCell.swift; sourceTree = "<group>"; };
		CA54382829D9C6570005B935 /* WritableReviewSection.swift */ = {isa = PBXFileReference; lastKnownFileType = sourcecode.swift; path = WritableReviewSection.swift; sourceTree = "<group>"; };
		CA54382A29D9C8410005B935 /* WritableReviewViewModel.swift */ = {isa = PBXFileReference; lastKnownFileType = sourcecode.swift; path = WritableReviewViewModel.swift; sourceTree = "<group>"; };
		CA54382C29D9CD300005B935 /* CALayer++.swift */ = {isa = PBXFileReference; lastKnownFileType = sourcecode.swift; path = "CALayer++.swift"; sourceTree = "<group>"; };
		CA5FE21929D568FD00E74769 /* Storage.swift */ = {isa = PBXFileReference; lastKnownFileType = sourcecode.swift; path = Storage.swift; sourceTree = "<group>"; };
		CA5FE21B29D5695E00E74769 /* ServiceApi.swift */ = {isa = PBXFileReference; lastKnownFileType = sourcecode.swift; path = ServiceApi.swift; sourceTree = "<group>"; };
		CA5FE21D29D56AD000E74769 /* SearchViewModel.swift */ = {isa = PBXFileReference; lastKnownFileType = sourcecode.swift; path = SearchViewModel.swift; sourceTree = "<group>"; };
		CA5FE22029D585EF00E74769 /* SearchCell.swift */ = {isa = PBXFileReference; lastKnownFileType = sourcecode.swift; path = SearchCell.swift; sourceTree = "<group>"; };
		CA6E5CEA29CC356400B28059 /* AddAlbaExperienceVC.swift */ = {isa = PBXFileReference; lastKnownFileType = sourcecode.swift; path = AddAlbaExperienceVC.swift; sourceTree = "<group>"; };
		CA769E4929C4E17E008387F4 /* Info.plist */ = {isa = PBXFileReference; fileEncoding = 4; lastKnownFileType = text.plist.xml; path = Info.plist; sourceTree = "<group>"; };
		CAB1C56129C97C3900B5798E /* LoginNickNameVC.swift */ = {isa = PBXFileReference; lastKnownFileType = sourcecode.swift; path = LoginNickNameVC.swift; sourceTree = "<group>"; };
		CAB1C56329C97CAD00B5798E /* UILabel++.swift */ = {isa = PBXFileReference; lastKnownFileType = sourcecode.swift; path = "UILabel++.swift"; sourceTree = "<group>"; };
		CAB1C56529C9800700B5798E /* UITextField++.swift */ = {isa = PBXFileReference; lastKnownFileType = sourcecode.swift; path = "UITextField++.swift"; sourceTree = "<group>"; };
		CAB1C56729C98A1600B5798E /* UIViewController++.swift */ = {isa = PBXFileReference; lastKnownFileType = sourcecode.swift; path = "UIViewController++.swift"; sourceTree = "<group>"; };
		CABC968729CED47C004CA2CE /* AppTabBarController.swift */ = {isa = PBXFileReference; lastKnownFileType = sourcecode.swift; path = AppTabBarController.swift; sourceTree = "<group>"; };
		CABC968B29CED9FF004CA2CE /* MyPageViewController.swift */ = {isa = PBXFileReference; lastKnownFileType = sourcecode.swift; path = MyPageViewController.swift; sourceTree = "<group>"; };
		CABC968E29CEEA61004CA2CE /* LocationManager.swift */ = {isa = PBXFileReference; lastKnownFileType = sourcecode.swift; path = LocationManager.swift; sourceTree = "<group>"; };
		CAE42ABD29C99D9E0057599A /* LoginAgeSexVC.swift */ = {isa = PBXFileReference; lastKnownFileType = sourcecode.swift; path = LoginAgeSexVC.swift; sourceTree = "<group>"; };
		CAE42ABF29C9A0210057599A /* ChoiceYearViewModel.swift */ = {isa = PBXFileReference; fileEncoding = 4; lastKnownFileType = sourcecode.swift; path = ChoiceYearViewModel.swift; sourceTree = "<group>"; };
		CAE42AC329C9A0380057599A /* ChoiceYearVC.swift */ = {isa = PBXFileReference; fileEncoding = 4; lastKnownFileType = sourcecode.swift; path = ChoiceYearVC.swift; sourceTree = "<group>"; };
		CAE42AC529C9A0560057599A /* YearModel.swift */ = {isa = PBXFileReference; fileEncoding = 4; lastKnownFileType = sourcecode.swift; path = YearModel.swift; sourceTree = "<group>"; };
		CAE42AC729C9A2ED0057599A /* StartViewModel.swift */ = {isa = PBXFileReference; fileEncoding = 4; lastKnownFileType = sourcecode.swift; path = StartViewModel.swift; sourceTree = "<group>"; };
		CAE42AC929C9B31C0057599A /* AlabaExperienceCheckVC.swift */ = {isa = PBXFileReference; lastKnownFileType = sourcecode.swift; path = AlabaExperienceCheckVC.swift; sourceTree = "<group>"; };
		CAE42ACF29C9C4670057599A /* AlabaExperienceVC.swift */ = {isa = PBXFileReference; lastKnownFileType = sourcecode.swift; path = AlabaExperienceVC.swift; sourceTree = "<group>"; };
		CAE4A07929CC4F7500368FE1 /* HomeViewController.swift */ = {isa = PBXFileReference; lastKnownFileType = sourcecode.swift; path = HomeViewController.swift; sourceTree = "<group>"; };
		CAF3E0DD29C4AE150059EA85 /* AlbaReview.app */ = {isa = PBXFileReference; explicitFileType = wrapper.application; includeInIndex = 0; path = AlbaReview.app; sourceTree = BUILT_PRODUCTS_DIR; };
		CAF3E0E029C4AE150059EA85 /* AppDelegate.swift */ = {isa = PBXFileReference; lastKnownFileType = sourcecode.swift; path = AppDelegate.swift; sourceTree = "<group>"; };
		CAF3E0E229C4AE150059EA85 /* SceneDelegate.swift */ = {isa = PBXFileReference; lastKnownFileType = sourcecode.swift; path = SceneDelegate.swift; sourceTree = "<group>"; };
		CAF3E0E429C4AE150059EA85 /* LoginVC.swift */ = {isa = PBXFileReference; lastKnownFileType = sourcecode.swift; path = LoginVC.swift; sourceTree = "<group>"; };
		CAF3E0E929C4AE170059EA85 /* Assets.xcassets */ = {isa = PBXFileReference; lastKnownFileType = folder.assetcatalog; path = Assets.xcassets; sourceTree = "<group>"; };
		CAF3E0EC29C4AE170059EA85 /* Base */ = {isa = PBXFileReference; lastKnownFileType = file.storyboard; name = Base; path = Base.lproj/LaunchScreen.storyboard; sourceTree = "<group>"; };
		CAF3E0F329C4AE170059EA85 /* AlbaReviewTests.xctest */ = {isa = PBXFileReference; explicitFileType = wrapper.cfbundle; includeInIndex = 0; path = AlbaReviewTests.xctest; sourceTree = BUILT_PRODUCTS_DIR; };
		CAF3E0F729C4AE170059EA85 /* AlbaReviewTests.swift */ = {isa = PBXFileReference; lastKnownFileType = sourcecode.swift; path = AlbaReviewTests.swift; sourceTree = "<group>"; };
		CAF3E0FD29C4AE170059EA85 /* AlbaReviewUITests.xctest */ = {isa = PBXFileReference; explicitFileType = wrapper.cfbundle; includeInIndex = 0; path = AlbaReviewUITests.xctest; sourceTree = BUILT_PRODUCTS_DIR; };
		CAF3E10129C4AE170059EA85 /* AlbaReviewUITests.swift */ = {isa = PBXFileReference; lastKnownFileType = sourcecode.swift; path = AlbaReviewUITests.swift; sourceTree = "<group>"; };
		CAF3E10329C4AE170059EA85 /* AlbaReviewUITestsLaunchTests.swift */ = {isa = PBXFileReference; lastKnownFileType = sourcecode.swift; path = AlbaReviewUITestsLaunchTests.swift; sourceTree = "<group>"; };
		E3CB9BEEE0572799C8133153 /* Pods_AlbaReview_AlbaReviewUITests.framework */ = {isa = PBXFileReference; explicitFileType = wrapper.framework; includeInIndex = 0; path = Pods_AlbaReview_AlbaReviewUITests.framework; sourceTree = BUILT_PRODUCTS_DIR; };
/* End PBXFileReference section */

/* Begin PBXFrameworksBuildPhase section */
		CAF3E0DA29C4AE150059EA85 /* Frameworks */ = {
			isa = PBXFrameworksBuildPhase;
			buildActionMask = 2147483647;
			files = (
				26AE35B0E34B669DD8DA8949 /* Pods_AlbaReview.framework in Frameworks */,
			);
			runOnlyForDeploymentPostprocessing = 0;
		};
		CAF3E0F029C4AE170059EA85 /* Frameworks */ = {
			isa = PBXFrameworksBuildPhase;
			buildActionMask = 2147483647;
			files = (
				F7D24363EDD49A879540B518 /* Pods_AlbaReviewTests.framework in Frameworks */,
			);
			runOnlyForDeploymentPostprocessing = 0;
		};
		CAF3E0FA29C4AE170059EA85 /* Frameworks */ = {
			isa = PBXFrameworksBuildPhase;
			buildActionMask = 2147483647;
			files = (
				C485C034B519811DB9659242 /* Pods_AlbaReview_AlbaReviewUITests.framework in Frameworks */,
			);
			runOnlyForDeploymentPostprocessing = 0;
		};
/* End PBXFrameworksBuildPhase section */

/* Begin PBXGroup section */
		2A772AC0E1E55395B4C85C0D /* Frameworks */ = {
			isa = PBXGroup;
			children = (
				2E857360128C3A559132E245 /* Pods_AlbaReview.framework */,
				E3CB9BEEE0572799C8133153 /* Pods_AlbaReview_AlbaReviewUITests.framework */,
				5A94B4C240CA240EAE45B381 /* Pods_AlbaReviewTests.framework */,
			);
			name = Frameworks;
			sourceTree = "<group>";
		};
		30612BD3AE0C1E8B320A44EA /* Pods */ = {
			isa = PBXGroup;
			children = (
				154858DCE0E3D86704F85DA3 /* Pods-AlbaReview.debug.xcconfig */,
				24D03D9CD0ACC6D137EDB38C /* Pods-AlbaReview.release.xcconfig */,
				41123321EBA63F4DFF0C7AC4 /* Pods-AlbaReview-AlbaReviewUITests.debug.xcconfig */,
				C3370DBE83EDD0ACD1583881 /* Pods-AlbaReview-AlbaReviewUITests.release.xcconfig */,
				C0EC03EC8EB5A5AADAF939F4 /* Pods-AlbaReviewTests.debug.xcconfig */,
				698BB1FE087CA9E4ECEEC48B /* Pods-AlbaReviewTests.release.xcconfig */,
			);
			path = Pods;
			sourceTree = "<group>";
		};
		CA0DB39229DBEB580091DCB2 /* WriteReview */ = {
			isa = PBXGroup;
			children = (
				CA0DB39629DBEB7F0091DCB2 /* View */,
				CA0DB39529DBEB7A0091DCB2 /* ViewModel */,
				CA0DB39429DBEB750091DCB2 /* Model */,
				CA0DB39329DBEB670091DCB2 /* ViewController */,
			);
			path = WriteReview;
			sourceTree = "<group>";
		};
		CA0DB39329DBEB670091DCB2 /* ViewController */ = {
			isa = PBXGroup;
			children = (
				CA0DB39729DBEBD20091DCB2 /* WriteReviewViewController.swift */,
				CA0DB39B29DC0BC30091DCB2 /* WriteReviewRatingViewController.swift */,
			);
			path = ViewController;
			sourceTree = "<group>";
		};
		CA0DB39429DBEB750091DCB2 /* Model */ = {
			isa = PBXGroup;
			children = (
			);
			path = Model;
			sourceTree = "<group>";
		};
		CA0DB39529DBEB7A0091DCB2 /* ViewModel */ = {
			isa = PBXGroup;
			children = (
				CA0DB39929DBF9C00091DCB2 /* WriteReviewViewModel.swift */,
			);
			path = ViewModel;
			sourceTree = "<group>";
		};
		CA0DB39629DBEB7F0091DCB2 /* View */ = {
			isa = PBXGroup;
			children = (
			);
			path = View;
			sourceTree = "<group>";
		};
		CA54381F29D9BFA10005B935 /* ViewModel */ = {
			isa = PBXGroup;
			children = (
				CA54382A29D9C8410005B935 /* WritableReviewViewModel.swift */,
			);
			path = ViewModel;
			sourceTree = "<group>";
		};
		CA54382029D9BFA90005B935 /* Model */ = {
			isa = PBXGroup;
			children = (
				CA54382429D9C0FC0005B935 /* WritableReivewModel.swift */,
				CA54382829D9C6570005B935 /* WritableReviewSection.swift */,
			);
			path = Model;
			sourceTree = "<group>";
		};
		CA54382329D9C0690005B935 /* View */ = {
			isa = PBXGroup;
			children = (
				CA54382629D9C11A0005B935 /* WritableReviewCell.swift */,
			);
			path = View;
			sourceTree = "<group>";
		};
		CA5FE21829D568E200E74769 /* Networking */ = {
			isa = PBXGroup;
			children = (
				CA5FE21929D568FD00E74769 /* Storage.swift */,
				CA5FE21B29D5695E00E74769 /* ServiceApi.swift */,
			);
			path = Networking;
			sourceTree = "<group>";
		};
		CA5FE21F29D585E100E74769 /* View */ = {
			isa = PBXGroup;
			children = (
				CA5FE22029D585EF00E74769 /* SearchCell.swift */,
			);
			path = View;
			sourceTree = "<group>";
		};
		CA702BAC29C4BE0D00533B3A /* Resource */ = {
			isa = PBXGroup;
			children = (
				CA769E4929C4E17E008387F4 /* Info.plist */,
				CAF3E0E929C4AE170059EA85 /* Assets.xcassets */,
				CAF3E0EB29C4AE170059EA85 /* LaunchScreen.storyboard */,
			);
			path = Resource;
			sourceTree = "<group>";
		};
		CA702BAD29C4BE1F00533B3A /* Source */ = {
			isa = PBXGroup;
			children = (
				CA5FE21829D568E200E74769 /* Networking */,
				CABC968D29CEEA49004CA2CE /* Location */,
				CA702BAF29C4BE7600533B3A /* Presentation */,
				CA702BAE29C4BE6100533B3A /* Extenstion */,
			);
			path = Source;
			sourceTree = "<group>";
		};
		CA702BAE29C4BE6100533B3A /* Extenstion */ = {
			isa = PBXGroup;
			children = (
				CAB1C56329C97CAD00B5798E /* UILabel++.swift */,
				CAB1C56529C9800700B5798E /* UITextField++.swift */,
				CAB1C56729C98A1600B5798E /* UIViewController++.swift */,
				CA54382C29D9CD300005B935 /* CALayer++.swift */,
			);
			path = Extenstion;
			sourceTree = "<group>";
		};
		CA702BAF29C4BE7600533B3A /* Presentation */ = {
			isa = PBXGroup;
			children = (
				CA702BB129C4BEA500533B3A /* Login */,
				CA702BB029C4BEA000533B3A /* Tab */,
			);
			path = Presentation;
			sourceTree = "<group>";
		};
		CA702BB029C4BEA000533B3A /* Tab */ = {
			isa = PBXGroup;
			children = (
				CA702BB229C4BEBA00533B3A /* Home */,
				CA702BB429C4BED500533B3A /* Review */,
				CA702BB329C4BEC900533B3A /* Profile */,
			);
			path = Tab;
			sourceTree = "<group>";
		};
		CA702BB129C4BEA500533B3A /* Login */ = {
			isa = PBXGroup;
			children = (
				CA5FE21F29D585E100E74769 /* View */,
				CA702BB729C4BF1000533B3A /* ViewModel */,
				CA702BB629C4BF0900533B3A /* Model */,
				CA702BB529C4BF0300533B3A /* ViewController */,
			);
			path = Login;
			sourceTree = "<group>";
		};
		CA702BB229C4BEBA00533B3A /* Home */ = {
			isa = PBXGroup;
			children = (
				CA702BBA29C4BF3E00533B3A /* ViewModel */,
				CA702BB929C4BF3900533B3A /* Model */,
				CA702BB829C4BF2D00533B3A /* ViewController */,
			);
			path = Home;
			sourceTree = "<group>";
		};
		CA702BB329C4BEC900533B3A /* Profile */ = {
			isa = PBXGroup;
			children = (
				CA702BC029C4BF6000533B3A /* ViewModel */,
				CA702BBF29C4BF5A00533B3A /* Model */,
				CA702BBE29C4BF5200533B3A /* ViewController */,
			);
			path = Profile;
			sourceTree = "<group>";
		};
		CA702BB429C4BED500533B3A /* Review */ = {
			isa = PBXGroup;
			children = (
				CA0DB39229DBEB580091DCB2 /* WriteReview */,
				CA54382329D9C0690005B935 /* View */,
				CA54381F29D9BFA10005B935 /* ViewModel */,
				CA54382029D9BFA90005B935 /* Model */,
				CA702BBB29C4BF4300533B3A /* ViewController */,
			);
			path = Review;
			sourceTree = "<group>";
		};
		CA702BB529C4BF0300533B3A /* ViewController */ = {
			isa = PBXGroup;
			children = (
				CAF3E0E429C4AE150059EA85 /* LoginVC.swift */,
				CAE42AC329C9A0380057599A /* ChoiceYearVC.swift */,
				CAB1C56129C97C3900B5798E /* LoginNickNameVC.swift */,
				CAE42AC929C9B31C0057599A /* AlabaExperienceCheckVC.swift */,
				CAE42ACF29C9C4670057599A /* AlabaExperienceVC.swift */,
				CA6E5CEA29CC356400B28059 /* AddAlbaExperienceVC.swift */,
				CAE42ABD29C99D9E0057599A /* LoginAgeSexVC.swift */,
				CA1EC4BC29CC93F90074B5F0 /* SearchPlaceVC.swift */,
			);
			path = ViewController;
			sourceTree = "<group>";
		};
		CA702BB629C4BF0900533B3A /* Model */ = {
			isa = PBXGroup;
			children = (
				CAE42AC529C9A0560057599A /* YearModel.swift */,
			);
			path = Model;
			sourceTree = "<group>";
		};
		CA702BB729C4BF1000533B3A /* ViewModel */ = {
			isa = PBXGroup;
			children = (
				CAE42AC729C9A2ED0057599A /* StartViewModel.swift */,
				CAE42ABF29C9A0210057599A /* ChoiceYearViewModel.swift */,
				CA5FE21D29D56AD000E74769 /* SearchViewModel.swift */,
			);
			path = ViewModel;
			sourceTree = "<group>";
		};
		CA702BB829C4BF2D00533B3A /* ViewController */ = {
			isa = PBXGroup;
			children = (
				CAE4A07929CC4F7500368FE1 /* HomeViewController.swift */,
			);
			path = ViewController;
			sourceTree = "<group>";
		};
		CA702BB929C4BF3900533B3A /* Model */ = {
			isa = PBXGroup;
			children = (
			);
			path = Model;
			sourceTree = "<group>";
		};
		CA702BBA29C4BF3E00533B3A /* ViewModel */ = {
			isa = PBXGroup;
			children = (
			);
			path = ViewModel;
			sourceTree = "<group>";
		};
		CA702BBB29C4BF4300533B3A /* ViewController */ = {
			isa = PBXGroup;
			children = (
				CA54382129D9BFD20005B935 /* WritableViewController.swift */,
			);
			path = ViewController;
			sourceTree = "<group>";
		};
		CA702BBE29C4BF5200533B3A /* ViewController */ = {
			isa = PBXGroup;
			children = (
				CABC968B29CED9FF004CA2CE /* MyPageViewController.swift */,
			);
			path = ViewController;
			sourceTree = "<group>";
		};
		CA702BBF29C4BF5A00533B3A /* Model */ = {
			isa = PBXGroup;
			children = (
			);
			path = Model;
			sourceTree = "<group>";
		};
		CA702BC029C4BF6000533B3A /* ViewModel */ = {
			isa = PBXGroup;
			children = (
			);
			path = ViewModel;
			sourceTree = "<group>";
		};
		CABC968D29CEEA49004CA2CE /* Location */ = {
			isa = PBXGroup;
			children = (
				CABC968E29CEEA61004CA2CE /* LocationManager.swift */,
			);
			path = Location;
			sourceTree = "<group>";
		};
		CAF3E0D429C4AE150059EA85 = {
			isa = PBXGroup;
			children = (
				CAF3E0DF29C4AE150059EA85 /* AlbaReview */,
				CAF3E0F629C4AE170059EA85 /* AlbaReviewTests */,
				CAF3E10029C4AE170059EA85 /* AlbaReviewUITests */,
				CAF3E0DE29C4AE150059EA85 /* Products */,
				30612BD3AE0C1E8B320A44EA /* Pods */,
				2A772AC0E1E55395B4C85C0D /* Frameworks */,
			);
			sourceTree = "<group>";
		};
		CAF3E0DE29C4AE150059EA85 /* Products */ = {
			isa = PBXGroup;
			children = (
				CAF3E0DD29C4AE150059EA85 /* AlbaReview.app */,
				CAF3E0F329C4AE170059EA85 /* AlbaReviewTests.xctest */,
				CAF3E0FD29C4AE170059EA85 /* AlbaReviewUITests.xctest */,
			);
			name = Products;
			sourceTree = "<group>";
		};
		CAF3E0DF29C4AE150059EA85 /* AlbaReview */ = {
			isa = PBXGroup;
			children = (
				CA702BAD29C4BE1F00533B3A /* Source */,
				CA702BAC29C4BE0D00533B3A /* Resource */,
				CAF3E0E029C4AE150059EA85 /* AppDelegate.swift */,
				CABC968729CED47C004CA2CE /* AppTabBarController.swift */,
				CAF3E0E229C4AE150059EA85 /* SceneDelegate.swift */,
			);
			path = AlbaReview;
			sourceTree = "<group>";
		};
		CAF3E0F629C4AE170059EA85 /* AlbaReviewTests */ = {
			isa = PBXGroup;
			children = (
				CAF3E0F729C4AE170059EA85 /* AlbaReviewTests.swift */,
			);
			path = AlbaReviewTests;
			sourceTree = "<group>";
		};
		CAF3E10029C4AE170059EA85 /* AlbaReviewUITests */ = {
			isa = PBXGroup;
			children = (
				CAF3E10129C4AE170059EA85 /* AlbaReviewUITests.swift */,
				CAF3E10329C4AE170059EA85 /* AlbaReviewUITestsLaunchTests.swift */,
			);
			path = AlbaReviewUITests;
			sourceTree = "<group>";
		};
/* End PBXGroup section */

/* Begin PBXNativeTarget section */
		CAF3E0DC29C4AE150059EA85 /* AlbaReview */ = {
			isa = PBXNativeTarget;
			buildConfigurationList = CAF3E10729C4AE170059EA85 /* Build configuration list for PBXNativeTarget "AlbaReview" */;
			buildPhases = (
				D742E7EB80DCB31C6AD488FA /* [CP] Check Pods Manifest.lock */,
				CAF3E0D929C4AE150059EA85 /* Sources */,
				CAF3E0DA29C4AE150059EA85 /* Frameworks */,
				CAF3E0DB29C4AE150059EA85 /* Resources */,
				9E9793CC4B714F8CA138D331 /* [CP] Embed Pods Frameworks */,
				49A4657C301FC133C04FB862 /* [CP] Copy Pods Resources */,
			);
			buildRules = (
			);
			dependencies = (
			);
			name = AlbaReview;
			productName = AlbaReview;
			productReference = CAF3E0DD29C4AE150059EA85 /* AlbaReview.app */;
			productType = "com.apple.product-type.application";
		};
		CAF3E0F229C4AE170059EA85 /* AlbaReviewTests */ = {
			isa = PBXNativeTarget;
			buildConfigurationList = CAF3E10A29C4AE170059EA85 /* Build configuration list for PBXNativeTarget "AlbaReviewTests" */;
			buildPhases = (
				14FB5B13DB3C9D0E378EDC08 /* [CP] Check Pods Manifest.lock */,
				CAF3E0EF29C4AE170059EA85 /* Sources */,
				CAF3E0F029C4AE170059EA85 /* Frameworks */,
				CAF3E0F129C4AE170059EA85 /* Resources */,
			);
			buildRules = (
			);
			dependencies = (
				CAF3E0F529C4AE170059EA85 /* PBXTargetDependency */,
			);
			name = AlbaReviewTests;
			productName = AlbaReviewTests;
			productReference = CAF3E0F329C4AE170059EA85 /* AlbaReviewTests.xctest */;
			productType = "com.apple.product-type.bundle.unit-test";
		};
		CAF3E0FC29C4AE170059EA85 /* AlbaReviewUITests */ = {
			isa = PBXNativeTarget;
			buildConfigurationList = CAF3E10D29C4AE170059EA85 /* Build configuration list for PBXNativeTarget "AlbaReviewUITests" */;
			buildPhases = (
				90E8F32245A7E82EBFB6D0F0 /* [CP] Check Pods Manifest.lock */,
				CAF3E0F929C4AE170059EA85 /* Sources */,
				CAF3E0FA29C4AE170059EA85 /* Frameworks */,
				CAF3E0FB29C4AE170059EA85 /* Resources */,
				FDC8D8AC99A067B532733D4C /* [CP] Embed Pods Frameworks */,
				21307230878F0D5865EBB245 /* [CP] Copy Pods Resources */,
			);
			buildRules = (
			);
			dependencies = (
				CAF3E0FF29C4AE170059EA85 /* PBXTargetDependency */,
			);
			name = AlbaReviewUITests;
			productName = AlbaReviewUITests;
			productReference = CAF3E0FD29C4AE170059EA85 /* AlbaReviewUITests.xctest */;
			productType = "com.apple.product-type.bundle.ui-testing";
		};
/* End PBXNativeTarget section */

/* Begin PBXProject section */
		CAF3E0D529C4AE150059EA85 /* Project object */ = {
			isa = PBXProject;
			attributes = {
				BuildIndependentTargetsInParallel = 1;
				LastSwiftUpdateCheck = 1420;
				LastUpgradeCheck = 1420;
				TargetAttributes = {
					CAF3E0DC29C4AE150059EA85 = {
						CreatedOnToolsVersion = 14.2;
					};
					CAF3E0F229C4AE170059EA85 = {
						CreatedOnToolsVersion = 14.2;
						TestTargetID = CAF3E0DC29C4AE150059EA85;
					};
					CAF3E0FC29C4AE170059EA85 = {
						CreatedOnToolsVersion = 14.2;
						TestTargetID = CAF3E0DC29C4AE150059EA85;
					};
				};
			};
			buildConfigurationList = CAF3E0D829C4AE150059EA85 /* Build configuration list for PBXProject "AlbaReview" */;
			compatibilityVersion = "Xcode 14.0";
			developmentRegion = en;
			hasScannedForEncodings = 0;
			knownRegions = (
				en,
				Base,
			);
			mainGroup = CAF3E0D429C4AE150059EA85;
			productRefGroup = CAF3E0DE29C4AE150059EA85 /* Products */;
			projectDirPath = "";
			projectRoot = "";
			targets = (
				CAF3E0DC29C4AE150059EA85 /* AlbaReview */,
				CAF3E0F229C4AE170059EA85 /* AlbaReviewTests */,
				CAF3E0FC29C4AE170059EA85 /* AlbaReviewUITests */,
			);
		};
/* End PBXProject section */

/* Begin PBXResourcesBuildPhase section */
		CAF3E0DB29C4AE150059EA85 /* Resources */ = {
			isa = PBXResourcesBuildPhase;
			buildActionMask = 2147483647;
			files = (
				CAF3E0ED29C4AE170059EA85 /* LaunchScreen.storyboard in Resources */,
				CAF3E0EA29C4AE170059EA85 /* Assets.xcassets in Resources */,
			);
			runOnlyForDeploymentPostprocessing = 0;
		};
		CAF3E0F129C4AE170059EA85 /* Resources */ = {
			isa = PBXResourcesBuildPhase;
			buildActionMask = 2147483647;
			files = (
			);
			runOnlyForDeploymentPostprocessing = 0;
		};
		CAF3E0FB29C4AE170059EA85 /* Resources */ = {
			isa = PBXResourcesBuildPhase;
			buildActionMask = 2147483647;
			files = (
			);
			runOnlyForDeploymentPostprocessing = 0;
		};
/* End PBXResourcesBuildPhase section */

/* Begin PBXShellScriptBuildPhase section */
		14FB5B13DB3C9D0E378EDC08 /* [CP] Check Pods Manifest.lock */ = {
			isa = PBXShellScriptBuildPhase;
			buildActionMask = 2147483647;
			files = (
			);
			inputFileListPaths = (
			);
			inputPaths = (
				"${PODS_PODFILE_DIR_PATH}/Podfile.lock",
				"${PODS_ROOT}/Manifest.lock",
			);
			name = "[CP] Check Pods Manifest.lock";
			outputFileListPaths = (
			);
			outputPaths = (
				"$(DERIVED_FILE_DIR)/Pods-AlbaReviewTests-checkManifestLockResult.txt",
			);
			runOnlyForDeploymentPostprocessing = 0;
			shellPath = /bin/sh;
			shellScript = "diff \"${PODS_PODFILE_DIR_PATH}/Podfile.lock\" \"${PODS_ROOT}/Manifest.lock\" > /dev/null\nif [ $? != 0 ] ; then\n    # print error to STDERR\n    echo \"error: The sandbox is not in sync with the Podfile.lock. Run 'pod install' or update your CocoaPods installation.\" >&2\n    exit 1\nfi\n# This output is used by Xcode 'outputs' to avoid re-running this script phase.\necho \"SUCCESS\" > \"${SCRIPT_OUTPUT_FILE_0}\"\n";
			showEnvVarsInLog = 0;
		};
		21307230878F0D5865EBB245 /* [CP] Copy Pods Resources */ = {
			isa = PBXShellScriptBuildPhase;
			buildActionMask = 2147483647;
			files = (
			);
			inputFileListPaths = (
				"${PODS_ROOT}/Target Support Files/Pods-AlbaReview-AlbaReviewUITests/Pods-AlbaReview-AlbaReviewUITests-resources-${CONFIGURATION}-input-files.xcfilelist",
			);
			name = "[CP] Copy Pods Resources";
			outputFileListPaths = (
				"${PODS_ROOT}/Target Support Files/Pods-AlbaReview-AlbaReviewUITests/Pods-AlbaReview-AlbaReviewUITests-resources-${CONFIGURATION}-output-files.xcfilelist",
			);
			runOnlyForDeploymentPostprocessing = 0;
			shellPath = /bin/sh;
			shellScript = "\"${PODS_ROOT}/Target Support Files/Pods-AlbaReview-AlbaReviewUITests/Pods-AlbaReview-AlbaReviewUITests-resources.sh\"\n";
			showEnvVarsInLog = 0;
		};
		49A4657C301FC133C04FB862 /* [CP] Copy Pods Resources */ = {
			isa = PBXShellScriptBuildPhase;
			buildActionMask = 2147483647;
			files = (
			);
			inputFileListPaths = (
				"${PODS_ROOT}/Target Support Files/Pods-AlbaReview/Pods-AlbaReview-resources-${CONFIGURATION}-input-files.xcfilelist",
			);
			name = "[CP] Copy Pods Resources";
			outputFileListPaths = (
				"${PODS_ROOT}/Target Support Files/Pods-AlbaReview/Pods-AlbaReview-resources-${CONFIGURATION}-output-files.xcfilelist",
			);
			runOnlyForDeploymentPostprocessing = 0;
			shellPath = /bin/sh;
			shellScript = "\"${PODS_ROOT}/Target Support Files/Pods-AlbaReview/Pods-AlbaReview-resources.sh\"\n";
			showEnvVarsInLog = 0;
		};
		90E8F32245A7E82EBFB6D0F0 /* [CP] Check Pods Manifest.lock */ = {
			isa = PBXShellScriptBuildPhase;
			buildActionMask = 2147483647;
			files = (
			);
			inputFileListPaths = (
			);
			inputPaths = (
				"${PODS_PODFILE_DIR_PATH}/Podfile.lock",
				"${PODS_ROOT}/Manifest.lock",
			);
			name = "[CP] Check Pods Manifest.lock";
			outputFileListPaths = (
			);
			outputPaths = (
				"$(DERIVED_FILE_DIR)/Pods-AlbaReview-AlbaReviewUITests-checkManifestLockResult.txt",
			);
			runOnlyForDeploymentPostprocessing = 0;
			shellPath = /bin/sh;
			shellScript = "diff \"${PODS_PODFILE_DIR_PATH}/Podfile.lock\" \"${PODS_ROOT}/Manifest.lock\" > /dev/null\nif [ $? != 0 ] ; then\n    # print error to STDERR\n    echo \"error: The sandbox is not in sync with the Podfile.lock. Run 'pod install' or update your CocoaPods installation.\" >&2\n    exit 1\nfi\n# This output is used by Xcode 'outputs' to avoid re-running this script phase.\necho \"SUCCESS\" > \"${SCRIPT_OUTPUT_FILE_0}\"\n";
			showEnvVarsInLog = 0;
		};
		9E9793CC4B714F8CA138D331 /* [CP] Embed Pods Frameworks */ = {
			isa = PBXShellScriptBuildPhase;
			buildActionMask = 2147483647;
			files = (
			);
			inputFileListPaths = (
				"${PODS_ROOT}/Target Support Files/Pods-AlbaReview/Pods-AlbaReview-frameworks-${CONFIGURATION}-input-files.xcfilelist",
			);
			name = "[CP] Embed Pods Frameworks";
			outputFileListPaths = (
				"${PODS_ROOT}/Target Support Files/Pods-AlbaReview/Pods-AlbaReview-frameworks-${CONFIGURATION}-output-files.xcfilelist",
			);
			runOnlyForDeploymentPostprocessing = 0;
			shellPath = /bin/sh;
			shellScript = "\"${PODS_ROOT}/Target Support Files/Pods-AlbaReview/Pods-AlbaReview-frameworks.sh\"\n";
			showEnvVarsInLog = 0;
		};
		D742E7EB80DCB31C6AD488FA /* [CP] Check Pods Manifest.lock */ = {
			isa = PBXShellScriptBuildPhase;
			buildActionMask = 2147483647;
			files = (
			);
			inputFileListPaths = (
			);
			inputPaths = (
				"${PODS_PODFILE_DIR_PATH}/Podfile.lock",
				"${PODS_ROOT}/Manifest.lock",
			);
			name = "[CP] Check Pods Manifest.lock";
			outputFileListPaths = (
			);
			outputPaths = (
				"$(DERIVED_FILE_DIR)/Pods-AlbaReview-checkManifestLockResult.txt",
			);
			runOnlyForDeploymentPostprocessing = 0;
			shellPath = /bin/sh;
			shellScript = "diff \"${PODS_PODFILE_DIR_PATH}/Podfile.lock\" \"${PODS_ROOT}/Manifest.lock\" > /dev/null\nif [ $? != 0 ] ; then\n    # print error to STDERR\n    echo \"error: The sandbox is not in sync with the Podfile.lock. Run 'pod install' or update your CocoaPods installation.\" >&2\n    exit 1\nfi\n# This output is used by Xcode 'outputs' to avoid re-running this script phase.\necho \"SUCCESS\" > \"${SCRIPT_OUTPUT_FILE_0}\"\n";
			showEnvVarsInLog = 0;
		};
		FDC8D8AC99A067B532733D4C /* [CP] Embed Pods Frameworks */ = {
			isa = PBXShellScriptBuildPhase;
			buildActionMask = 2147483647;
			files = (
			);
			inputFileListPaths = (
				"${PODS_ROOT}/Target Support Files/Pods-AlbaReview-AlbaReviewUITests/Pods-AlbaReview-AlbaReviewUITests-frameworks-${CONFIGURATION}-input-files.xcfilelist",
			);
			name = "[CP] Embed Pods Frameworks";
			outputFileListPaths = (
				"${PODS_ROOT}/Target Support Files/Pods-AlbaReview-AlbaReviewUITests/Pods-AlbaReview-AlbaReviewUITests-frameworks-${CONFIGURATION}-output-files.xcfilelist",
			);
			runOnlyForDeploymentPostprocessing = 0;
			shellPath = /bin/sh;
			shellScript = "\"${PODS_ROOT}/Target Support Files/Pods-AlbaReview-AlbaReviewUITests/Pods-AlbaReview-AlbaReviewUITests-frameworks.sh\"\n";
			showEnvVarsInLog = 0;
		};
/* End PBXShellScriptBuildPhase section */

/* Begin PBXSourcesBuildPhase section */
		CAF3E0D929C4AE150059EA85 /* Sources */ = {
			isa = PBXSourcesBuildPhase;
			buildActionMask = 2147483647;
			files = (
				CA5FE21A29D568FD00E74769 /* Storage.swift in Sources */,
				CAB1C56829C98A1600B5798E /* UIViewController++.swift in Sources */,
				CAE42AC829C9A2ED0057599A /* StartViewModel.swift in Sources */,
				CA5FE21C29D5695E00E74769 /* ServiceApi.swift in Sources */,
				CAB1C56429C97CAD00B5798E /* UILabel++.swift in Sources */,
				CA54382529D9C0FC0005B935 /* WritableReivewModel.swift in Sources */,
				CA1EC4BD29CC93F90074B5F0 /* SearchPlaceVC.swift in Sources */,
				CA0DB39C29DC0BC30091DCB2 /* WriteReviewRatingViewController.swift in Sources */,
				CAB1C56629C9800700B5798E /* UITextField++.swift in Sources */,
				CAB1C56229C97C3900B5798E /* LoginNickNameVC.swift in Sources */,
				CAF3E0E529C4AE150059EA85 /* LoginVC.swift in Sources */,
				CAE42AC629C9A0570057599A /* YearModel.swift in Sources */,
				CA54382D29D9CD300005B935 /* CALayer++.swift in Sources */,
				CA54382929D9C6570005B935 /* WritableReviewSection.swift in Sources */,
				CA0DB39829DBEBD20091DCB2 /* WriteReviewViewController.swift in Sources */,
				CA5FE22129D585EF00E74769 /* SearchCell.swift in Sources */,
				CAE42ABE29C99D9E0057599A /* LoginAgeSexVC.swift in Sources */,
				CAE42AC429C9A0380057599A /* ChoiceYearVC.swift in Sources */,
				CA54382729D9C11A0005B935 /* WritableReviewCell.swift in Sources */,
				CA54382B29D9C8410005B935 /* WritableReviewViewModel.swift in Sources */,
				CAE42AD029C9C4670057599A /* AlabaExperienceVC.swift in Sources */,
				CAF3E0E129C4AE150059EA85 /* AppDelegate.swift in Sources */,
				CAE4A07A29CC4F7500368FE1 /* HomeViewController.swift in Sources */,
				CAE42ACA29C9B31C0057599A /* AlabaExperienceCheckVC.swift in Sources */,
				CABC968C29CED9FF004CA2CE /* MyPageViewController.swift in Sources */,
				CA5FE21E29D56AD000E74769 /* SearchViewModel.swift in Sources */,
				CA54382229D9BFD20005B935 /* WritableViewController.swift in Sources */,
				CAF3E0E329C4AE150059EA85 /* SceneDelegate.swift in Sources */,
				CABC968F29CEEA61004CA2CE /* LocationManager.swift in Sources */,
				CABC968829CED47C004CA2CE /* AppTabBarController.swift in Sources */,
				CAE42AC029C9A0210057599A /* ChoiceYearViewModel.swift in Sources */,
				CA0DB39A29DBF9C00091DCB2 /* WriteReviewViewModel.swift in Sources */,
				CA6E5CEB29CC356400B28059 /* AddAlbaExperienceVC.swift in Sources */,
			);
			runOnlyForDeploymentPostprocessing = 0;
		};
		CAF3E0EF29C4AE170059EA85 /* Sources */ = {
			isa = PBXSourcesBuildPhase;
			buildActionMask = 2147483647;
			files = (
				CAF3E0F829C4AE170059EA85 /* AlbaReviewTests.swift in Sources */,
			);
			runOnlyForDeploymentPostprocessing = 0;
		};
		CAF3E0F929C4AE170059EA85 /* Sources */ = {
			isa = PBXSourcesBuildPhase;
			buildActionMask = 2147483647;
			files = (
				CAF3E10429C4AE170059EA85 /* AlbaReviewUITestsLaunchTests.swift in Sources */,
				CAF3E10229C4AE170059EA85 /* AlbaReviewUITests.swift in Sources */,
			);
			runOnlyForDeploymentPostprocessing = 0;
		};
/* End PBXSourcesBuildPhase section */

/* Begin PBXTargetDependency section */
		CAF3E0F529C4AE170059EA85 /* PBXTargetDependency */ = {
			isa = PBXTargetDependency;
			target = CAF3E0DC29C4AE150059EA85 /* AlbaReview */;
			targetProxy = CAF3E0F429C4AE170059EA85 /* PBXContainerItemProxy */;
		};
		CAF3E0FF29C4AE170059EA85 /* PBXTargetDependency */ = {
			isa = PBXTargetDependency;
			target = CAF3E0DC29C4AE150059EA85 /* AlbaReview */;
			targetProxy = CAF3E0FE29C4AE170059EA85 /* PBXContainerItemProxy */;
		};
/* End PBXTargetDependency section */

/* Begin PBXVariantGroup section */
		CAF3E0EB29C4AE170059EA85 /* LaunchScreen.storyboard */ = {
			isa = PBXVariantGroup;
			children = (
				CAF3E0EC29C4AE170059EA85 /* Base */,
			);
			name = LaunchScreen.storyboard;
			sourceTree = "<group>";
		};
/* End PBXVariantGroup section */

/* Begin XCBuildConfiguration section */
		CAF3E10529C4AE170059EA85 /* Debug */ = {
			isa = XCBuildConfiguration;
			buildSettings = {
				ALWAYS_SEARCH_USER_PATHS = NO;
				CLANG_ANALYZER_NONNULL = YES;
				CLANG_ANALYZER_NUMBER_OBJECT_CONVERSION = YES_AGGRESSIVE;
				CLANG_CXX_LANGUAGE_STANDARD = "gnu++20";
				CLANG_ENABLE_MODULES = YES;
				CLANG_ENABLE_OBJC_ARC = YES;
				CLANG_ENABLE_OBJC_WEAK = YES;
				CLANG_WARN_BLOCK_CAPTURE_AUTORELEASING = YES;
				CLANG_WARN_BOOL_CONVERSION = YES;
				CLANG_WARN_COMMA = YES;
				CLANG_WARN_CONSTANT_CONVERSION = YES;
				CLANG_WARN_DEPRECATED_OBJC_IMPLEMENTATIONS = YES;
				CLANG_WARN_DIRECT_OBJC_ISA_USAGE = YES_ERROR;
				CLANG_WARN_DOCUMENTATION_COMMENTS = YES;
				CLANG_WARN_EMPTY_BODY = YES;
				CLANG_WARN_ENUM_CONVERSION = YES;
				CLANG_WARN_INFINITE_RECURSION = YES;
				CLANG_WARN_INT_CONVERSION = YES;
				CLANG_WARN_NON_LITERAL_NULL_CONVERSION = YES;
				CLANG_WARN_OBJC_IMPLICIT_RETAIN_SELF = YES;
				CLANG_WARN_OBJC_LITERAL_CONVERSION = YES;
				CLANG_WARN_OBJC_ROOT_CLASS = YES_ERROR;
				CLANG_WARN_QUOTED_INCLUDE_IN_FRAMEWORK_HEADER = YES;
				CLANG_WARN_RANGE_LOOP_ANALYSIS = YES;
				CLANG_WARN_STRICT_PROTOTYPES = YES;
				CLANG_WARN_SUSPICIOUS_MOVE = YES;
				CLANG_WARN_UNGUARDED_AVAILABILITY = YES_AGGRESSIVE;
				CLANG_WARN_UNREACHABLE_CODE = YES;
				CLANG_WARN__DUPLICATE_METHOD_MATCH = YES;
				COPY_PHASE_STRIP = NO;
				DEBUG_INFORMATION_FORMAT = dwarf;
				ENABLE_STRICT_OBJC_MSGSEND = YES;
				ENABLE_TESTABILITY = YES;
				EXCLUDED_ARCHS = "";
				GCC_C_LANGUAGE_STANDARD = gnu11;
				GCC_DYNAMIC_NO_PIC = NO;
				GCC_NO_COMMON_BLOCKS = YES;
				GCC_OPTIMIZATION_LEVEL = 0;
				GCC_PREPROCESSOR_DEFINITIONS = (
					"DEBUG=1",
					"$(inherited)",
				);
				GCC_WARN_64_TO_32_BIT_CONVERSION = YES;
				GCC_WARN_ABOUT_RETURN_TYPE = YES_ERROR;
				GCC_WARN_UNDECLARED_SELECTOR = YES;
				GCC_WARN_UNINITIALIZED_AUTOS = YES_AGGRESSIVE;
				GCC_WARN_UNUSED_FUNCTION = YES;
				GCC_WARN_UNUSED_VARIABLE = YES;
				IPHONEOS_DEPLOYMENT_TARGET = 16.2;
				MTL_ENABLE_DEBUG_INFO = INCLUDE_SOURCE;
				MTL_FAST_MATH = YES;
				ONLY_ACTIVE_ARCH = YES;
				SDKROOT = iphoneos;
				SWIFT_ACTIVE_COMPILATION_CONDITIONS = DEBUG;
				SWIFT_OPTIMIZATION_LEVEL = "-Onone";
			};
			name = Debug;
		};
		CAF3E10629C4AE170059EA85 /* Release */ = {
			isa = XCBuildConfiguration;
			buildSettings = {
				ALWAYS_SEARCH_USER_PATHS = NO;
				CLANG_ANALYZER_NONNULL = YES;
				CLANG_ANALYZER_NUMBER_OBJECT_CONVERSION = YES_AGGRESSIVE;
				CLANG_CXX_LANGUAGE_STANDARD = "gnu++20";
				CLANG_ENABLE_MODULES = YES;
				CLANG_ENABLE_OBJC_ARC = YES;
				CLANG_ENABLE_OBJC_WEAK = YES;
				CLANG_WARN_BLOCK_CAPTURE_AUTORELEASING = YES;
				CLANG_WARN_BOOL_CONVERSION = YES;
				CLANG_WARN_COMMA = YES;
				CLANG_WARN_CONSTANT_CONVERSION = YES;
				CLANG_WARN_DEPRECATED_OBJC_IMPLEMENTATIONS = YES;
				CLANG_WARN_DIRECT_OBJC_ISA_USAGE = YES_ERROR;
				CLANG_WARN_DOCUMENTATION_COMMENTS = YES;
				CLANG_WARN_EMPTY_BODY = YES;
				CLANG_WARN_ENUM_CONVERSION = YES;
				CLANG_WARN_INFINITE_RECURSION = YES;
				CLANG_WARN_INT_CONVERSION = YES;
				CLANG_WARN_NON_LITERAL_NULL_CONVERSION = YES;
				CLANG_WARN_OBJC_IMPLICIT_RETAIN_SELF = YES;
				CLANG_WARN_OBJC_LITERAL_CONVERSION = YES;
				CLANG_WARN_OBJC_ROOT_CLASS = YES_ERROR;
				CLANG_WARN_QUOTED_INCLUDE_IN_FRAMEWORK_HEADER = YES;
				CLANG_WARN_RANGE_LOOP_ANALYSIS = YES;
				CLANG_WARN_STRICT_PROTOTYPES = YES;
				CLANG_WARN_SUSPICIOUS_MOVE = YES;
				CLANG_WARN_UNGUARDED_AVAILABILITY = YES_AGGRESSIVE;
				CLANG_WARN_UNREACHABLE_CODE = YES;
				CLANG_WARN__DUPLICATE_METHOD_MATCH = YES;
				COPY_PHASE_STRIP = NO;
				DEBUG_INFORMATION_FORMAT = "dwarf-with-dsym";
				ENABLE_NS_ASSERTIONS = NO;
				ENABLE_STRICT_OBJC_MSGSEND = YES;
				EXCLUDED_ARCHS = "";
				GCC_C_LANGUAGE_STANDARD = gnu11;
				GCC_NO_COMMON_BLOCKS = YES;
				GCC_WARN_64_TO_32_BIT_CONVERSION = YES;
				GCC_WARN_ABOUT_RETURN_TYPE = YES_ERROR;
				GCC_WARN_UNDECLARED_SELECTOR = YES;
				GCC_WARN_UNINITIALIZED_AUTOS = YES_AGGRESSIVE;
				GCC_WARN_UNUSED_FUNCTION = YES;
				GCC_WARN_UNUSED_VARIABLE = YES;
				IPHONEOS_DEPLOYMENT_TARGET = 16.2;
				MTL_ENABLE_DEBUG_INFO = NO;
				MTL_FAST_MATH = YES;
				SDKROOT = iphoneos;
				SWIFT_COMPILATION_MODE = wholemodule;
				SWIFT_OPTIMIZATION_LEVEL = "-O";
				VALIDATE_PRODUCT = YES;
			};
			name = Release;
		};
		CAF3E10829C4AE170059EA85 /* Debug */ = {
			isa = XCBuildConfiguration;
			baseConfigurationReference = 154858DCE0E3D86704F85DA3 /* Pods-AlbaReview.debug.xcconfig */;
			buildSettings = {
				ASSETCATALOG_COMPILER_APPICON_NAME = AppIcon;
				ASSETCATALOG_COMPILER_GLOBAL_ACCENT_COLOR_NAME = AccentColor;
				CLANG_ENABLE_OBJC_ARC = YES;
				CLANG_LINK_OBJC_RUNTIME = NO;
				CODE_SIGN_STYLE = Automatic;
				CURRENT_PROJECT_VERSION = 1;
				DEVELOPMENT_TEAM = WBG9V97XP4;
				FRAMEWORK_SEARCH_PATHS = (
					"$(inherited)",
					"$(PROJECT_DIR)/DaumMap.embeddedframework",
				);
				GENERATE_INFOPLIST_FILE = YES;
				INFOPLIST_FILE = AlbaReview/Resource/Info.plist;
				INFOPLIST_KEY_UIApplicationSupportsIndirectInputEvents = YES;
				INFOPLIST_KEY_UILaunchStoryboardName = LaunchScreen;
				INFOPLIST_KEY_UIRequiresFullScreen = NO;
				INFOPLIST_KEY_UIStatusBarStyle = "";
				INFOPLIST_KEY_UISupportedInterfaceOrientations_iPad = "UIInterfaceOrientationPortrait UIInterfaceOrientationPortraitUpsideDown UIInterfaceOrientationLandscapeLeft UIInterfaceOrientationLandscapeRight";
				INFOPLIST_KEY_UISupportedInterfaceOrientations_iPhone = "UIInterfaceOrientationPortrait UIInterfaceOrientationLandscapeLeft UIInterfaceOrientationLandscapeRight";
				IPHONEOS_DEPLOYMENT_TARGET = 16.2;
				LD_RUNPATH_SEARCH_PATHS = (
					"$(inherited)",
					"@executable_path/Frameworks",
				);
				LIBRARY_SEARCH_PATHS = (
					"$(inherited)",
					"\"${DT_TOOLCHAIN_DIR}/usr/lib/swift/${PLATFORM_NAME}\"",
					/usr/lib/swift,
				);
				MARKETING_VERSION = 1.0;
				PRODUCT_BUNDLE_IDENTIFIER = com.jihun.AlbaReview;
				PRODUCT_NAME = "$(TARGET_NAME)";
				SWIFT_EMIT_LOC_STRINGS = YES;
				SWIFT_OBJC_BRIDGING_HEADER = "";
				SWIFT_VERSION = 5.0;
				TARGETED_DEVICE_FAMILY = "1,2";
			};
			name = Debug;
		};
		CAF3E10929C4AE170059EA85 /* Release */ = {
			isa = XCBuildConfiguration;
			baseConfigurationReference = 24D03D9CD0ACC6D137EDB38C /* Pods-AlbaReview.release.xcconfig */;
			buildSettings = {
				ASSETCATALOG_COMPILER_APPICON_NAME = AppIcon;
				ASSETCATALOG_COMPILER_GLOBAL_ACCENT_COLOR_NAME = AccentColor;
				CLANG_ENABLE_OBJC_ARC = YES;
				CLANG_LINK_OBJC_RUNTIME = NO;
				CODE_SIGN_STYLE = Automatic;
				CURRENT_PROJECT_VERSION = 1;
				DEVELOPMENT_TEAM = WBG9V97XP4;
				FRAMEWORK_SEARCH_PATHS = (
					"$(inherited)",
					"$(PROJECT_DIR)/DaumMap.embeddedframework",
				);
				GENERATE_INFOPLIST_FILE = YES;
				INFOPLIST_FILE = AlbaReview/Resource/Info.plist;
				INFOPLIST_KEY_UIApplicationSupportsIndirectInputEvents = YES;
				INFOPLIST_KEY_UILaunchStoryboardName = LaunchScreen;
				INFOPLIST_KEY_UIRequiresFullScreen = NO;
				INFOPLIST_KEY_UIStatusBarStyle = "";
				INFOPLIST_KEY_UISupportedInterfaceOrientations_iPad = "UIInterfaceOrientationPortrait UIInterfaceOrientationPortraitUpsideDown UIInterfaceOrientationLandscapeLeft UIInterfaceOrientationLandscapeRight";
				INFOPLIST_KEY_UISupportedInterfaceOrientations_iPhone = "UIInterfaceOrientationPortrait UIInterfaceOrientationLandscapeLeft UIInterfaceOrientationLandscapeRight";
				IPHONEOS_DEPLOYMENT_TARGET = 16.2;
				LD_RUNPATH_SEARCH_PATHS = (
					"$(inherited)",
					"@executable_path/Frameworks",
				);
				LIBRARY_SEARCH_PATHS = (
					"$(inherited)",
					"\"${DT_TOOLCHAIN_DIR}/usr/lib/swift/${PLATFORM_NAME}\"",
					/usr/lib/swift,
				);
				MARKETING_VERSION = 1.0;
				PRODUCT_BUNDLE_IDENTIFIER = com.jihun.AlbaReview;
				PRODUCT_NAME = "$(TARGET_NAME)";
				SWIFT_EMIT_LOC_STRINGS = YES;
				SWIFT_OBJC_BRIDGING_HEADER = "";
				SWIFT_VERSION = 5.0;
				TARGETED_DEVICE_FAMILY = "1,2";
			};
			name = Release;
		};
		CAF3E10B29C4AE170059EA85 /* Debug */ = {
			isa = XCBuildConfiguration;
			baseConfigurationReference = C0EC03EC8EB5A5AADAF939F4 /* Pods-AlbaReviewTests.debug.xcconfig */;
			buildSettings = {
				ALWAYS_EMBED_SWIFT_STANDARD_LIBRARIES = YES;
				BUNDLE_LOADER = "$(TEST_HOST)";
				CODE_SIGN_STYLE = Automatic;
				CURRENT_PROJECT_VERSION = 1;
				DEVELOPMENT_TEAM = WBG9V97XP4;
				GENERATE_INFOPLIST_FILE = YES;
				IPHONEOS_DEPLOYMENT_TARGET = 16.2;
				MARKETING_VERSION = 1.0;
				PRODUCT_BUNDLE_IDENTIFIER = com.jihun.AlbaReviewTests;
				PRODUCT_NAME = "$(TARGET_NAME)";
				SWIFT_EMIT_LOC_STRINGS = NO;
				SWIFT_VERSION = 5.0;
				TARGETED_DEVICE_FAMILY = "1,2";
				TEST_HOST = "$(BUILT_PRODUCTS_DIR)/AlbaReview.app/$(BUNDLE_EXECUTABLE_FOLDER_PATH)/AlbaReview";
			};
			name = Debug;
		};
		CAF3E10C29C4AE170059EA85 /* Release */ = {
			isa = XCBuildConfiguration;
			baseConfigurationReference = 698BB1FE087CA9E4ECEEC48B /* Pods-AlbaReviewTests.release.xcconfig */;
			buildSettings = {
				ALWAYS_EMBED_SWIFT_STANDARD_LIBRARIES = YES;
				BUNDLE_LOADER = "$(TEST_HOST)";
				CODE_SIGN_STYLE = Automatic;
				CURRENT_PROJECT_VERSION = 1;
				DEVELOPMENT_TEAM = WBG9V97XP4;
				GENERATE_INFOPLIST_FILE = YES;
				IPHONEOS_DEPLOYMENT_TARGET = 16.2;
				MARKETING_VERSION = 1.0;
				PRODUCT_BUNDLE_IDENTIFIER = com.jihun.AlbaReviewTests;
				PRODUCT_NAME = "$(TARGET_NAME)";
				SWIFT_EMIT_LOC_STRINGS = NO;
				SWIFT_VERSION = 5.0;
				TARGETED_DEVICE_FAMILY = "1,2";
				TEST_HOST = "$(BUILT_PRODUCTS_DIR)/AlbaReview.app/$(BUNDLE_EXECUTABLE_FOLDER_PATH)/AlbaReview";
			};
			name = Release;
		};
		CAF3E10E29C4AE170059EA85 /* Debug */ = {
			isa = XCBuildConfiguration;
			baseConfigurationReference = 41123321EBA63F4DFF0C7AC4 /* Pods-AlbaReview-AlbaReviewUITests.debug.xcconfig */;
			buildSettings = {
				ALWAYS_EMBED_SWIFT_STANDARD_LIBRARIES = YES;
				CODE_SIGN_STYLE = Automatic;
				CURRENT_PROJECT_VERSION = 1;
				DEVELOPMENT_TEAM = WBG9V97XP4;
				GENERATE_INFOPLIST_FILE = YES;
				MARKETING_VERSION = 1.0;
				PRODUCT_BUNDLE_IDENTIFIER = com.jihun.AlbaReviewUITests;
				PRODUCT_NAME = "$(TARGET_NAME)";
				SWIFT_EMIT_LOC_STRINGS = NO;
				SWIFT_VERSION = 5.0;
				TARGETED_DEVICE_FAMILY = "1,2";
				TEST_TARGET_NAME = AlbaReview;
			};
			name = Debug;
		};
		CAF3E10F29C4AE170059EA85 /* Release */ = {
			isa = XCBuildConfiguration;
			baseConfigurationReference = C3370DBE83EDD0ACD1583881 /* Pods-AlbaReview-AlbaReviewUITests.release.xcconfig */;
			buildSettings = {
				ALWAYS_EMBED_SWIFT_STANDARD_LIBRARIES = YES;
				CODE_SIGN_STYLE = Automatic;
				CURRENT_PROJECT_VERSION = 1;
				DEVELOPMENT_TEAM = WBG9V97XP4;
				GENERATE_INFOPLIST_FILE = YES;
				MARKETING_VERSION = 1.0;
				PRODUCT_BUNDLE_IDENTIFIER = com.jihun.AlbaReviewUITests;
				PRODUCT_NAME = "$(TARGET_NAME)";
				SWIFT_EMIT_LOC_STRINGS = NO;
				SWIFT_VERSION = 5.0;
				TARGETED_DEVICE_FAMILY = "1,2";
				TEST_TARGET_NAME = AlbaReview;
			};
			name = Release;
		};
/* End XCBuildConfiguration section */

/* Begin XCConfigurationList section */
		CAF3E0D829C4AE150059EA85 /* Build configuration list for PBXProject "AlbaReview" */ = {
			isa = XCConfigurationList;
			buildConfigurations = (
				CAF3E10529C4AE170059EA85 /* Debug */,
				CAF3E10629C4AE170059EA85 /* Release */,
			);
			defaultConfigurationIsVisible = 0;
			defaultConfigurationName = Release;
		};
		CAF3E10729C4AE170059EA85 /* Build configuration list for PBXNativeTarget "AlbaReview" */ = {
			isa = XCConfigurationList;
			buildConfigurations = (
				CAF3E10829C4AE170059EA85 /* Debug */,
				CAF3E10929C4AE170059EA85 /* Release */,
			);
			defaultConfigurationIsVisible = 0;
			defaultConfigurationName = Release;
		};
		CAF3E10A29C4AE170059EA85 /* Build configuration list for PBXNativeTarget "AlbaReviewTests" */ = {
			isa = XCConfigurationList;
			buildConfigurations = (
				CAF3E10B29C4AE170059EA85 /* Debug */,
				CAF3E10C29C4AE170059EA85 /* Release */,
			);
			defaultConfigurationIsVisible = 0;
			defaultConfigurationName = Release;
		};
		CAF3E10D29C4AE170059EA85 /* Build configuration list for PBXNativeTarget "AlbaReviewUITests" */ = {
			isa = XCConfigurationList;
			buildConfigurations = (
				CAF3E10E29C4AE170059EA85 /* Debug */,
				CAF3E10F29C4AE170059EA85 /* Release */,
			);
			defaultConfigurationIsVisible = 0;
			defaultConfigurationName = Release;
		};
/* End XCConfigurationList section */
	};
	rootObject = CAF3E0D529C4AE150059EA85 /* Project object */;
}
